// !$*UTF8*$!
{
	archiveVersion = 1;
	classes = {
	};
	objectVersion = 77;
	objects = {

/* Begin PBXBuildFile section */
		0A89A4E82E57AC9500747E24 /* Sparkle in Frameworks */ = {isa = PBXBuildFile; productRef = 0A89A4E72E57AC9500747E24 /* Sparkle */; };
		0A89A8472E5940D900747E24 /* termcast in Frameworks */ = {isa = PBXBuildFile; productRef = 0A89A8462E5940D900747E24 /* termcast */; };
		0A89A8492E59415D00747E24 /* SwiftTerm in Frameworks */ = {isa = PBXBuildFile; productRef = 0A89A8482E59415D00747E24 /* SwiftTerm */; };
		0AA08D352E5F9FEC002F6195 /* MarkdownUI in Frameworks */ = {isa = PBXBuildFile; productRef = 0AA08D342E5F9FEC002F6195 /* MarkdownUI */; };
/* End PBXBuildFile section */

/* Begin PBXContainerItemProxy section */
		0A3B4FCD2DFF5F8400CC5B2C /* PBXContainerItemProxy */ = {
			isa = PBXContainerItemProxy;
			containerPortal = 0A3B4FB42DFF5F8300CC5B2C /* Project object */;
			proxyType = 1;
			remoteGlobalIDString = 0A3B4FBB2DFF5F8300CC5B2C;
			remoteInfo = MacSSH;
		};
		0A3B4FD72DFF5F8400CC5B2C /* PBXContainerItemProxy */ = {
			isa = PBXContainerItemProxy;
			containerPortal = 0A3B4FB42DFF5F8300CC5B2C /* Project object */;
			proxyType = 1;
			remoteGlobalIDString = 0A3B4FBB2DFF5F8300CC5B2C;
			remoteInfo = MacSSH;
		};
/* End PBXContainerItemProxy section */

/* Begin PBXFileReference section */
		0A3B4FBC2DFF5F8400CC5B2C /* MacSSH.app */ = {isa = PBXFileReference; explicitFileType = wrapper.application; includeInIndex = 0; path = MacSSH.app; sourceTree = BUILT_PRODUCTS_DIR; };
		0A3B4FCC2DFF5F8400CC5B2C /* MacSSHTests.xctest */ = {isa = PBXFileReference; explicitFileType = wrapper.cfbundle; includeInIndex = 0; path = MacSSHTests.xctest; sourceTree = BUILT_PRODUCTS_DIR; };
		0A3B4FD62DFF5F8400CC5B2C /* MacSSHUITests.xctest */ = {isa = PBXFileReference; explicitFileType = wrapper.cfbundle; includeInIndex = 0; path = MacSSHUITests.xctest; sourceTree = BUILT_PRODUCTS_DIR; };
/* End PBXFileReference section */

/* Begin PBXFileSystemSynchronizedRootGroup section */
		0A3B4FBE2DFF5F8400CC5B2C /* MacSSH */ = {
			isa = PBXFileSystemSynchronizedRootGroup;
			path = MacSSH;
			sourceTree = "<group>";
		};
		0A3B4FCF2DFF5F8400CC5B2C /* MacSSHTests */ = {
			isa = PBXFileSystemSynchronizedRootGroup;
			path = MacSSHTests;
			sourceTree = "<group>";
		};
		0A3B4FD92DFF5F8400CC5B2C /* MacSSHUITests */ = {
			isa = PBXFileSystemSynchronizedRootGroup;
			path = MacSSHUITests;
			sourceTree = "<group>";
		};
/* End PBXFileSystemSynchronizedRootGroup section */

/* Begin PBXFrameworksBuildPhase section */
		0A3B4FB92DFF5F8300CC5B2C /* Frameworks */ = {
			isa = PBXFrameworksBuildPhase;
			buildActionMask = 2147483647;
			files = (
				0A89A4E82E57AC9500747E24 /* Sparkle in Frameworks */,
				0A89A8472E5940D900747E24 /* termcast in Frameworks */,
				0A89A8492E59415D00747E24 /* SwiftTerm in Frameworks */,
				0AA08D352E5F9FEC002F6195 /* MarkdownUI in Frameworks */,
			);
			runOnlyForDeploymentPostprocessing = 0;
		};
		0A3B4FC92DFF5F8400CC5B2C /* Frameworks */ = {
			isa = PBXFrameworksBuildPhase;
			buildActionMask = 2147483647;
			files = (
			);
			runOnlyForDeploymentPostprocessing = 0;
		};
		0A3B4FD32DFF5F8400CC5B2C /* Frameworks */ = {
			isa = PBXFrameworksBuildPhase;
			buildActionMask = 2147483647;
			files = (
			);
			runOnlyForDeploymentPostprocessing = 0;
		};
/* End PBXFrameworksBuildPhase section */

/* Begin PBXGroup section */
		0A3B4FB32DFF5F8300CC5B2C = {
			isa = PBXGroup;
			children = (
				0A3B4FBE2DFF5F8400CC5B2C /* MacSSH */,
				0A3B4FCF2DFF5F8400CC5B2C /* MacSSHTests */,
				0A3B4FD92DFF5F8400CC5B2C /* MacSSHUITests */,
				0A89A4E62E57AC9500747E24 /* Frameworks */,
				0A3B4FBD2DFF5F8400CC5B2C /* Products */,
			);
			sourceTree = "<group>";
		};
		0A3B4FBD2DFF5F8400CC5B2C /* Products */ = {
			isa = PBXGroup;
			children = (
				0A3B4FBC2DFF5F8400CC5B2C /* MacSSH.app */,
				0A3B4FCC2DFF5F8400CC5B2C /* MacSSHTests.xctest */,
				0A3B4FD62DFF5F8400CC5B2C /* MacSSHUITests.xctest */,
			);
			name = Products;
			sourceTree = "<group>";
		};
		0A89A4E62E57AC9500747E24 /* Frameworks */ = {
			isa = PBXGroup;
			children = (
			);
			name = Frameworks;
			sourceTree = "<group>";
		};
/* End PBXGroup section */

/* Begin PBXNativeTarget section */
		0A3B4FBB2DFF5F8300CC5B2C /* MacSSH */ = {
			isa = PBXNativeTarget;
			buildConfigurationList = 0A3B4FE02DFF5F8400CC5B2C /* Build configuration list for PBXNativeTarget "MacSSH" */;
			buildPhases = (
				0A3B4FB82DFF5F8300CC5B2C /* Sources */,
				0A3B4FB92DFF5F8300CC5B2C /* Frameworks */,
				0A3B4FBA2DFF5F8300CC5B2C /* Resources */,
			);
			buildRules = (
			);
			dependencies = (
			);
			fileSystemSynchronizedGroups = (
				0A3B4FBE2DFF5F8400CC5B2C /* MacSSH */,
			);
			name = MacSSH;
			packageProductDependencies = (
				0A89A4E72E57AC9500747E24 /* Sparkle */,
				0A89A8462E5940D900747E24 /* termcast */,
				0A89A8482E59415D00747E24 /* SwiftTerm */,
				0AA08D342E5F9FEC002F6195 /* MarkdownUI */,
			);
			productName = MacSSH;
			productReference = 0A3B4FBC2DFF5F8400CC5B2C /* MacSSH.app */;
			productType = "com.apple.product-type.application";
		};
		0A3B4FCB2DFF5F8400CC5B2C /* MacSSHTests */ = {
			isa = PBXNativeTarget;
			buildConfigurationList = 0A3B4FE32DFF5F8400CC5B2C /* Build configuration list for PBXNativeTarget "MacSSHTests" */;
			buildPhases = (
				0A3B4FC82DFF5F8400CC5B2C /* Sources */,
				0A3B4FC92DFF5F8400CC5B2C /* Frameworks */,
				0A3B4FCA2DFF5F8400CC5B2C /* Resources */,
			);
			buildRules = (
			);
			dependencies = (
				0A3B4FCE2DFF5F8400CC5B2C /* PBXTargetDependency */,
			);
			fileSystemSynchronizedGroups = (
				0A3B4FCF2DFF5F8400CC5B2C /* MacSSHTests */,
			);
			name = MacSSHTests;
			packageProductDependencies = (
			);
			productName = MacSSHTests;
			productReference = 0A3B4FCC2DFF5F8400CC5B2C /* MacSSHTests.xctest */;
			productType = "com.apple.product-type.bundle.unit-test";
		};
		0A3B4FD52DFF5F8400CC5B2C /* MacSSHUITests */ = {
			isa = PBXNativeTarget;
			buildConfigurationList = 0A3B4FE62DFF5F8400CC5B2C /* Build configuration list for PBXNativeTarget "MacSSHUITests" */;
			buildPhases = (
				0A3B4FD22DFF5F8400CC5B2C /* Sources */,
				0A3B4FD32DFF5F8400CC5B2C /* Frameworks */,
				0A3B4FD42DFF5F8400CC5B2C /* Resources */,
			);
			buildRules = (
			);
			dependencies = (
				0A3B4FD82DFF5F8400CC5B2C /* PBXTargetDependency */,
			);
			fileSystemSynchronizedGroups = (
				0A3B4FD92DFF5F8400CC5B2C /* MacSSHUITests */,
			);
			name = MacSSHUITests;
			packageProductDependencies = (
			);
			productName = MacSSHUITests;
			productReference = 0A3B4FD62DFF5F8400CC5B2C /* MacSSHUITests.xctest */;
			productType = "com.apple.product-type.bundle.ui-testing";
		};
/* End PBXNativeTarget section */

/* Begin PBXProject section */
		0A3B4FB42DFF5F8300CC5B2C /* Project object */ = {
			isa = PBXProject;
			attributes = {
				BuildIndependentTargetsInParallel = 1;
				LastSwiftUpdateCheck = 1640;
				LastUpgradeCheck = 1640;
				TargetAttributes = {
					0A3B4FBB2DFF5F8300CC5B2C = {
						CreatedOnToolsVersion = 16.4;
					};
					0A3B4FCB2DFF5F8400CC5B2C = {
						CreatedOnToolsVersion = 16.4;
						TestTargetID = 0A3B4FBB2DFF5F8300CC5B2C;
					};
					0A3B4FD52DFF5F8400CC5B2C = {
						CreatedOnToolsVersion = 16.4;
						TestTargetID = 0A3B4FBB2DFF5F8300CC5B2C;
					};
				};
			};
			buildConfigurationList = 0A3B4FB72DFF5F8300CC5B2C /* Build configuration list for PBXProject "MacSSH" */;
			developmentRegion = en;
			hasScannedForEncodings = 0;
			knownRegions = (
				ru,
				en,
				Base,
			);
			mainGroup = 0A3B4FB32DFF5F8300CC5B2C;
			minimizedProjectReferenceProxies = 1;
			packageReferences = (
				0A89A4E52E57AC3800747E24 /* XCRemoteSwiftPackageReference "Sparkle" */,
				0A89A8432E59403B00747E24 /* XCRemoteSwiftPackageReference "SwiftTerm" */,
				0AA08D332E5F9FBC002F6195 /* XCRemoteSwiftPackageReference "MarkdownUI" */,
			);
			preferredProjectObjectVersion = 77;
			productRefGroup = 0A3B4FBD2DFF5F8400CC5B2C /* Products */;
			projectDirPath = "";
			projectRoot = "";
			targets = (
				0A3B4FBB2DFF5F8300CC5B2C /* MacSSH */,
				0A3B4FCB2DFF5F8400CC5B2C /* MacSSHTests */,
				0A3B4FD52DFF5F8400CC5B2C /* MacSSHUITests */,
			);
		};
/* End PBXProject section */

/* Begin PBXResourcesBuildPhase section */
		0A3B4FBA2DFF5F8300CC5B2C /* Resources */ = {
			isa = PBXResourcesBuildPhase;
			buildActionMask = 2147483647;
			files = (
			);
			runOnlyForDeploymentPostprocessing = 0;
		};
		0A3B4FCA2DFF5F8400CC5B2C /* Resources */ = {
			isa = PBXResourcesBuildPhase;
			buildActionMask = 2147483647;
			files = (
			);
			runOnlyForDeploymentPostprocessing = 0;
		};
		0A3B4FD42DFF5F8400CC5B2C /* Resources */ = {
			isa = PBXResourcesBuildPhase;
			buildActionMask = 2147483647;
			files = (
			);
			runOnlyForDeploymentPostprocessing = 0;
		};
/* End PBXResourcesBuildPhase section */

/* Begin PBXSourcesBuildPhase section */
		0A3B4FB82DFF5F8300CC5B2C /* Sources */ = {
			isa = PBXSourcesBuildPhase;
			buildActionMask = 2147483647;
			files = (
			);
			runOnlyForDeploymentPostprocessing = 0;
		};
		0A3B4FC82DFF5F8400CC5B2C /* Sources */ = {
			isa = PBXSourcesBuildPhase;
			buildActionMask = 2147483647;
			files = (
			);
			runOnlyForDeploymentPostprocessing = 0;
		};
		0A3B4FD22DFF5F8400CC5B2C /* Sources */ = {
			isa = PBXSourcesBuildPhase;
			buildActionMask = 2147483647;
			files = (
			);
			runOnlyForDeploymentPostprocessing = 0;
		};
/* End PBXSourcesBuildPhase section */

/* Begin PBXTargetDependency section */
		0A3B4FCE2DFF5F8400CC5B2C /* PBXTargetDependency */ = {
			isa = PBXTargetDependency;
			target = 0A3B4FBB2DFF5F8300CC5B2C /* MacSSH */;
			targetProxy = 0A3B4FCD2DFF5F8400CC5B2C /* PBXContainerItemProxy */;
		};
		0A3B4FD82DFF5F8400CC5B2C /* PBXTargetDependency */ = {
			isa = PBXTargetDependency;
			target = 0A3B4FBB2DFF5F8300CC5B2C /* MacSSH */;
			targetProxy = 0A3B4FD72DFF5F8400CC5B2C /* PBXContainerItemProxy */;
		};
/* End PBXTargetDependency section */

/* Begin XCBuildConfiguration section */
		0A3B4FDE2DFF5F8400CC5B2C /* Debug */ = {
			isa = XCBuildConfiguration;
			buildSettings = {
				ALWAYS_SEARCH_USER_PATHS = NO;
				ASSETCATALOG_COMPILER_GENERATE_SWIFT_ASSET_SYMBOL_EXTENSIONS = YES;
				CLANG_ANALYZER_NONNULL = YES;
				CLANG_ANALYZER_NUMBER_OBJECT_CONVERSION = YES_AGGRESSIVE;
				CLANG_CXX_LANGUAGE_STANDARD = "gnu++20";
				CLANG_ENABLE_MODULES = YES;
				CLANG_ENABLE_OBJC_ARC = YES;
				CLANG_ENABLE_OBJC_WEAK = YES;
				CLANG_WARN_BLOCK_CAPTURE_AUTORELEASING = YES;
				CLANG_WARN_BOOL_CONVERSION = YES;
				CLANG_WARN_COMMA = YES;
				CLANG_WARN_CONSTANT_CONVERSION = YES;
				CLANG_WARN_DEPRECATED_OBJC_IMPLEMENTATIONS = YES;
				CLANG_WARN_DIRECT_OBJC_ISA_USAGE = YES_ERROR;
				CLANG_WARN_DOCUMENTATION_COMMENTS = YES;
				CLANG_WARN_EMPTY_BODY = YES;
				CLANG_WARN_ENUM_CONVERSION = YES;
				CLANG_WARN_INFINITE_RECURSION = YES;
				CLANG_WARN_INT_CONVERSION = YES;
				CLANG_WARN_NON_LITERAL_NULL_CONVERSION = YES;
				CLANG_WARN_OBJC_IMPLICIT_RETAIN_SELF = YES;
				CLANG_WARN_OBJC_LITERAL_CONVERSION = YES;
				CLANG_WARN_OBJC_ROOT_CLASS = YES_ERROR;
				CLANG_WARN_QUOTED_INCLUDE_IN_FRAMEWORK_HEADER = YES;
				CLANG_WARN_RANGE_LOOP_ANALYSIS = YES;
				CLANG_WARN_STRICT_PROTOTYPES = YES;
				CLANG_WARN_SUSPICIOUS_MOVE = YES;
				CLANG_WARN_UNGUARDED_AVAILABILITY = YES_AGGRESSIVE;
				CLANG_WARN_UNREACHABLE_CODE = YES;
				CLANG_WARN__DUPLICATE_METHOD_MATCH = YES;
				COPY_PHASE_STRIP = NO;
				DEBUG_INFORMATION_FORMAT = dwarf;
				ENABLE_STRICT_OBJC_MSGSEND = YES;
				ENABLE_TESTABILITY = YES;
				ENABLE_USER_SCRIPT_SANDBOXING = YES;
				GCC_C_LANGUAGE_STANDARD = gnu17;
				GCC_DYNAMIC_NO_PIC = NO;
				GCC_NO_COMMON_BLOCKS = YES;
				GCC_OPTIMIZATION_LEVEL = 0;
				GCC_PREPROCESSOR_DEFINITIONS = (
					"DEBUG=1",
					"$(inherited)",
				);
				GCC_WARN_64_TO_32_BIT_CONVERSION = YES;
				GCC_WARN_ABOUT_RETURN_TYPE = YES_ERROR;
				GCC_WARN_UNDECLARED_SELECTOR = YES;
				GCC_WARN_UNINITIALIZED_AUTOS = YES_AGGRESSIVE;
				GCC_WARN_UNUSED_FUNCTION = YES;
				GCC_WARN_UNUSED_VARIABLE = YES;
				"INFOPLIST_FILE[sdk=*]" = MacSSH/Info.plist;
				LOCALIZATION_PREFERS_STRING_CATALOGS = YES;
				MTL_ENABLE_DEBUG_INFO = INCLUDE_SOURCE;
				MTL_FAST_MATH = YES;
				ONLY_ACTIVE_ARCH = YES;
				SWIFT_ACTIVE_COMPILATION_CONDITIONS = "DEBUG $(inherited)";
				SWIFT_OPTIMIZATION_LEVEL = "-Onone";
			};
			name = Debug;
		};
		0A3B4FDF2DFF5F8400CC5B2C /* Release */ = {
			isa = XCBuildConfiguration;
			buildSettings = {
				ALWAYS_SEARCH_USER_PATHS = NO;
				ASSETCATALOG_COMPILER_GENERATE_SWIFT_ASSET_SYMBOL_EXTENSIONS = YES;
				CLANG_ANALYZER_NONNULL = YES;
				CLANG_ANALYZER_NUMBER_OBJECT_CONVERSION = YES_AGGRESSIVE;
				CLANG_CXX_LANGUAGE_STANDARD = "gnu++20";
				CLANG_ENABLE_MODULES = YES;
				CLANG_ENABLE_OBJC_ARC = YES;
				CLANG_ENABLE_OBJC_WEAK = YES;
				CLANG_WARN_BLOCK_CAPTURE_AUTORELEASING = YES;
				CLANG_WARN_BOOL_CONVERSION = YES;
				CLANG_WARN_COMMA = YES;
				CLANG_WARN_CONSTANT_CONVERSION = YES;
				CLANG_WARN_DEPRECATED_OBJC_IMPLEMENTATIONS = YES;
				CLANG_WARN_DIRECT_OBJC_ISA_USAGE = YES_ERROR;
				CLANG_WARN_DOCUMENTATION_COMMENTS = YES;
				CLANG_WARN_EMPTY_BODY = YES;
				CLANG_WARN_ENUM_CONVERSION = YES;
				CLANG_WARN_INFINITE_RECURSION = YES;
				CLANG_WARN_INT_CONVERSION = YES;
				CLANG_WARN_NON_LITERAL_NULL_CONVERSION = YES;
				CLANG_WARN_OBJC_IMPLICIT_RETAIN_SELF = YES;
				CLANG_WARN_OBJC_LITERAL_CONVERSION = YES;
				CLANG_WARN_OBJC_ROOT_CLASS = YES_ERROR;
				CLANG_WARN_QUOTED_INCLUDE_IN_FRAMEWORK_HEADER = YES;
				CLANG_WARN_RANGE_LOOP_ANALYSIS = YES;
				CLANG_WARN_STRICT_PROTOTYPES = YES;
				CLANG_WARN_SUSPICIOUS_MOVE = YES;
				CLANG_WARN_UNGUARDED_AVAILABILITY = YES_AGGRESSIVE;
				CLANG_WARN_UNREACHABLE_CODE = YES;
				CLANG_WARN__DUPLICATE_METHOD_MATCH = YES;
				COPY_PHASE_STRIP = NO;
				DEBUG_INFORMATION_FORMAT = "dwarf-with-dsym";
				ENABLE_NS_ASSERTIONS = NO;
				ENABLE_STRICT_OBJC_MSGSEND = YES;
				ENABLE_USER_SCRIPT_SANDBOXING = YES;
				GCC_C_LANGUAGE_STANDARD = gnu17;
				GCC_NO_COMMON_BLOCKS = YES;
				GCC_WARN_64_TO_32_BIT_CONVERSION = YES;
				GCC_WARN_ABOUT_RETURN_TYPE = YES_ERROR;
				GCC_WARN_UNDECLARED_SELECTOR = YES;
				GCC_WARN_UNINITIALIZED_AUTOS = YES_AGGRESSIVE;
				GCC_WARN_UNUSED_FUNCTION = YES;
				GCC_WARN_UNUSED_VARIABLE = YES;
				"INFOPLIST_FILE[sdk=*]" = MacSSH/Info.plist;
				LOCALIZATION_PREFERS_STRING_CATALOGS = YES;
				MTL_ENABLE_DEBUG_INFO = NO;
				MTL_FAST_MATH = YES;
				SWIFT_COMPILATION_MODE = wholemodule;
			};
			name = Release;
		};
		0A3B4FE12DFF5F8400CC5B2C /* Debug */ = {
			isa = XCBuildConfiguration;
			buildSettings = {
				ASSETCATALOG_COMPILER_APPICON_NAME = AppIcon;
				ASSETCATALOG_COMPILER_GLOBAL_ACCENT_COLOR_NAME = AccentColor;
				CODE_SIGN_ENTITLEMENTS = MacSSH/MacSSH.entitlements;
				CODE_SIGN_STYLE = Automatic;
				CURRENT_PROJECT_VERSION = 212;
				DEVELOPMENT_TEAM = QKFTSD76KG;
				ENABLE_PREVIEWS = YES;
				GENERATE_INFOPLIST_FILE = YES;
				"INFOPLIST_KEY_UIApplicationSceneManifest_Generation[sdk=iphoneos*]" = YES;
				"INFOPLIST_KEY_UIApplicationSceneManifest_Generation[sdk=iphonesimulator*]" = YES;
				"INFOPLIST_KEY_UIApplicationSupportsIndirectInputEvents[sdk=iphoneos*]" = YES;
				"INFOPLIST_KEY_UIApplicationSupportsIndirectInputEvents[sdk=iphonesimulator*]" = YES;
				"INFOPLIST_KEY_UILaunchScreen_Generation[sdk=iphoneos*]" = YES;
				"INFOPLIST_KEY_UILaunchScreen_Generation[sdk=iphonesimulator*]" = YES;
				"INFOPLIST_KEY_UIStatusBarStyle[sdk=iphoneos*]" = UIStatusBarStyleDefault;
				"INFOPLIST_KEY_UIStatusBarStyle[sdk=iphonesimulator*]" = UIStatusBarStyleDefault;
				INFOPLIST_KEY_UISupportedInterfaceOrientations_iPad = "UIInterfaceOrientationPortrait UIInterfaceOrientationPortraitUpsideDown UIInterfaceOrientationLandscapeLeft UIInterfaceOrientationLandscapeRight";
				INFOPLIST_KEY_UISupportedInterfaceOrientations_iPhone = "UIInterfaceOrientationPortrait UIInterfaceOrientationLandscapeLeft UIInterfaceOrientationLandscapeRight";
				IPHONEOS_DEPLOYMENT_TARGET = 18.5;
				LD_RUNPATH_SEARCH_PATHS = "@executable_path/Frameworks";
				"LD_RUNPATH_SEARCH_PATHS[sdk=macosx*]" = "@executable_path/../Frameworks";
				MACOSX_DEPLOYMENT_TARGET = 14.0;
				MARKETING_VERSION = 1.8.32;
				PRODUCT_BUNDLE_IDENTIFIER = solvetronix.macssh;
				PRODUCT_NAME = "$(TARGET_NAME)";
				REGISTER_APP_GROUPS = YES;
				SDKROOT = auto;
				SUPPORTED_PLATFORMS = "iphoneos iphonesimulator macosx xros xrsimulator";
				SWIFT_EMIT_LOC_STRINGS = YES;
				SWIFT_VERSION = 5.0;
				TARGETED_DEVICE_FAMILY = "1,2,7";
				XROS_DEPLOYMENT_TARGET = 2.5;
			};
			name = Debug;
		};
		0A3B4FE22DFF5F8400CC5B2C /* Release */ = {
			isa = XCBuildConfiguration;
			buildSettings = {
				ASSETCATALOG_COMPILER_APPICON_NAME = AppIcon;
				ASSETCATALOG_COMPILER_GLOBAL_ACCENT_COLOR_NAME = AccentColor;
				CODE_SIGN_ENTITLEMENTS = MacSSH/MacSSH.entitlements;
				CODE_SIGN_STYLE = Automatic;
				CURRENT_PROJECT_VERSION = 212;
				DEVELOPMENT_TEAM = QKFTSD76KG;
				ENABLE_PREVIEWS = YES;
				GENERATE_INFOPLIST_FILE = YES;
				"INFOPLIST_KEY_UIApplicationSceneManifest_Generation[sdk=iphoneos*]" = YES;
				"INFOPLIST_KEY_UIApplicationSceneManifest_Generation[sdk=iphonesimulator*]" = YES;
				"INFOPLIST_KEY_UIApplicationSupportsIndirectInputEvents[sdk=iphoneos*]" = YES;
				"INFOPLIST_KEY_UIApplicationSupportsIndirectInputEvents[sdk=iphonesimulator*]" = YES;
				"INFOPLIST_KEY_UILaunchScreen_Generation[sdk=iphoneos*]" = YES;
				"INFOPLIST_KEY_UILaunchScreen_Generation[sdk=iphonesimulator*]" = YES;
				"INFOPLIST_KEY_UIStatusBarStyle[sdk=iphoneos*]" = UIStatusBarStyleDefault;
				"INFOPLIST_KEY_UIStatusBarStyle[sdk=iphonesimulator*]" = UIStatusBarStyleDefault;
				INFOPLIST_KEY_UISupportedInterfaceOrientations_iPad = "UIInterfaceOrientationPortrait UIInterfaceOrientationPortraitUpsideDown UIInterfaceOrientationLandscapeLeft UIInterfaceOrientationLandscapeRight";
				INFOPLIST_KEY_UISupportedInterfaceOrientations_iPhone = "UIInterfaceOrientationPortrait UIInterfaceOrientationLandscapeLeft UIInterfaceOrientationLandscapeRight";
				IPHONEOS_DEPLOYMENT_TARGET = 18.5;
				LD_RUNPATH_SEARCH_PATHS = "@executable_path/Frameworks";
				"LD_RUNPATH_SEARCH_PATHS[sdk=macosx*]" = "@executable_path/../Frameworks";
				MACOSX_DEPLOYMENT_TARGET = 14.0;
				MARKETING_VERSION = 1.8.32;
				PRODUCT_BUNDLE_IDENTIFIER = solvetronix.macssh;
				PRODUCT_NAME = "$(TARGET_NAME)";
				REGISTER_APP_GROUPS = YES;
				SDKROOT = auto;
				SUPPORTED_PLATFORMS = "iphoneos iphonesimulator macosx xros xrsimulator";
				SWIFT_EMIT_LOC_STRINGS = YES;
				SWIFT_VERSION = 5.0;
				TARGETED_DEVICE_FAMILY = "1,2,7";
				XROS_DEPLOYMENT_TARGET = 2.5;
			};
			name = Release;
		};
		0A3B4FE42DFF5F8400CC5B2C /* Debug */ = {
			isa = XCBuildConfiguration;
			buildSettings = {
				BUNDLE_LOADER = "$(TEST_HOST)";
				CODE_SIGN_STYLE = Automatic;
				CURRENT_PROJECT_VERSION = 212;
				GENERATE_INFOPLIST_FILE = YES;
				IPHONEOS_DEPLOYMENT_TARGET = 18.5;
				MACOSX_DEPLOYMENT_TARGET = 15.5;
				MARKETING_VERSION = 1.8.32;
				PRODUCT_BUNDLE_IDENTIFIER = solvetronix.macsshTests;
				PRODUCT_NAME = "$(TARGET_NAME)";
				SDKROOT = auto;
				SUPPORTED_PLATFORMS = "iphoneos iphonesimulator macosx xros xrsimulator";
				SWIFT_EMIT_LOC_STRINGS = NO;
				SWIFT_VERSION = 5.0;
				TARGETED_DEVICE_FAMILY = "1,2,7";
				TEST_HOST = "$(BUILT_PRODUCTS_DIR)/MacSSH.app/$(BUNDLE_EXECUTABLE_FOLDER_PATH)/MacSSH";
				XROS_DEPLOYMENT_TARGET = 2.5;
			};
			name = Debug;
		};
		0A3B4FE52DFF5F8400CC5B2C /* Release */ = {
			isa = XCBuildConfiguration;
			buildSettings = {
				BUNDLE_LOADER = "$(TEST_HOST)";
				CODE_SIGN_STYLE = Automatic;
				CURRENT_PROJECT_VERSION = 212;
				GENERATE_INFOPLIST_FILE = YES;
				IPHONEOS_DEPLOYMENT_TARGET = 18.5;
				MACOSX_DEPLOYMENT_TARGET = 15.5;
				MARKETING_VERSION = 1.8.32;
				PRODUCT_BUNDLE_IDENTIFIER = solvetronix.macsshTests;
				PRODUCT_NAME = "$(TARGET_NAME)";
				SDKROOT = auto;
				SUPPORTED_PLATFORMS = "iphoneos iphonesimulator macosx xros xrsimulator";
				SWIFT_EMIT_LOC_STRINGS = NO;
				SWIFT_VERSION = 5.0;
				TARGETED_DEVICE_FAMILY = "1,2,7";
				TEST_HOST = "$(BUILT_PRODUCTS_DIR)/MacSSH.app/$(BUNDLE_EXECUTABLE_FOLDER_PATH)/MacSSH";
				XROS_DEPLOYMENT_TARGET = 2.5;
			};
			name = Release;
		};
		0A3B4FE72DFF5F8400CC5B2C /* Debug */ = {
			isa = XCBuildConfiguration;
			buildSettings = {
				CODE_SIGN_STYLE = Automatic;
				CURRENT_PROJECT_VERSION = 212;
				GENERATE_INFOPLIST_FILE = YES;
				IPHONEOS_DEPLOYMENT_TARGET = 18.5;
				MACOSX_DEPLOYMENT_TARGET = 15.5;
				MARKETING_VERSION = 1.8.32;
				PRODUCT_BUNDLE_IDENTIFIER = solvetronix.macsshUITests;
				PRODUCT_NAME = "$(TARGET_NAME)";
				SDKROOT = auto;
				SUPPORTED_PLATFORMS = "iphoneos iphonesimulator macosx xros xrsimulator";
				SWIFT_EMIT_LOC_STRINGS = NO;
				SWIFT_VERSION = 5.0;
				TARGETED_DEVICE_FAMILY = "1,2,7";
				TEST_TARGET_NAME = MacSSH;
				XROS_DEPLOYMENT_TARGET = 2.5;
			};
			name = Debug;
		};
		0A3B4FE82DFF5F8400CC5B2C /* Release */ = {
			isa = XCBuildConfiguration;
			buildSettings = {
				CODE_SIGN_STYLE = Automatic;
				CURRENT_PROJECT_VERSION = 212;
				GENERATE_INFOPLIST_FILE = YES;
				IPHONEOS_DEPLOYMENT_TARGET = 18.5;
				MACOSX_DEPLOYMENT_TARGET = 15.5;
				MARKETING_VERSION = 1.8.32;
				PRODUCT_BUNDLE_IDENTIFIER = solvetronix.macsshUITests;
				PRODUCT_NAME = "$(TARGET_NAME)";
				SDKROOT = auto;
				SUPPORTED_PLATFORMS = "iphoneos iphonesimulator macosx xros xrsimulator";
				SWIFT_EMIT_LOC_STRINGS = NO;
				SWIFT_VERSION = 5.0;
				TARGETED_DEVICE_FAMILY = "1,2,7";
				TEST_TARGET_NAME = MacSSH;
				XROS_DEPLOYMENT_TARGET = 2.5;
			};
			name = Release;
		};
/* End XCBuildConfiguration section */

/* Begin XCConfigurationList section */
		0A3B4FB72DFF5F8300CC5B2C /* Build configuration list for PBXProject "MacSSH" */ = {
			isa = XCConfigurationList;
			buildConfigurations = (
				0A3B4FDE2DFF5F8400CC5B2C /* Debug */,
				0A3B4FDF2DFF5F8400CC5B2C /* Release */,
			);
			defaultConfigurationIsVisible = 0;
			defaultConfigurationName = Release;
		};
		0A3B4FE02DFF5F8400CC5B2C /* Build configuration list for PBXNativeTarget "MacSSH" */ = {
			isa = XCConfigurationList;
			buildConfigurations = (
				0A3B4FE12DFF5F8400CC5B2C /* Debug */,
				0A3B4FE22DFF5F8400CC5B2C /* Release */,
			);
			defaultConfigurationIsVisible = 0;
			defaultConfigurationName = Release;
		};
		0A3B4FE32DFF5F8400CC5B2C /* Build configuration list for PBXNativeTarget "MacSSHTests" */ = {
			isa = XCConfigurationList;
			buildConfigurations = (
				0A3B4FE42DFF5F8400CC5B2C /* Debug */,
				0A3B4FE52DFF5F8400CC5B2C /* Release */,
			);
			defaultConfigurationIsVisible = 0;
			defaultConfigurationName = Release;
		};
		0A3B4FE62DFF5F8400CC5B2C /* Build configuration list for PBXNativeTarget "MacSSHUITests" */ = {
			isa = XCConfigurationList;
			buildConfigurations = (
				0A3B4FE72DFF5F8400CC5B2C /* Debug */,
				0A3B4FE82DFF5F8400CC5B2C /* Release */,
			);
			defaultConfigurationIsVisible = 0;
			defaultConfigurationName = Release;
		};
/* End XCConfigurationList section */

/* Begin XCRemoteSwiftPackageReference section */
		0A89A4E52E57AC3800747E24 /* XCRemoteSwiftPackageReference "Sparkle" */ = {
			isa = XCRemoteSwiftPackageReference;
			repositoryURL = "https://github.com/sparkle-project/Sparkle";
			requirement = {
				kind = upToNextMajorVersion;
				minimumVersion = 2.7.1;
			};
		};
		0A89A8432E59403B00747E24 /* XCRemoteSwiftPackageReference "SwiftTerm" */ = {
			isa = XCRemoteSwiftPackageReference;
			repositoryURL = "https://github.com/migueldeicaza/SwiftTerm";
			requirement = {
				kind = upToNextMajorVersion;
				minimumVersion = 1.5.0;
			};
		};
		0AA08D332E5F9FBC002F6195 /* XCRemoteSwiftPackageReference "MarkdownUI" */ = {
			isa = XCRemoteSwiftPackageReference;
			repositoryURL = "https://github.com/gonzalezreal/MarkdownUI";
			requirement = {
				kind = upToNextMajorVersion;
				minimumVersion = 2.4.1;
			};
		};
/* End XCRemoteSwiftPackageReference section */

/* Begin XCSwiftPackageProductDependency section */
		0A89A4E72E57AC9500747E24 /* Sparkle */ = {
			isa = XCSwiftPackageProductDependency;
			package = 0A89A4E52E57AC3800747E24 /* XCRemoteSwiftPackageReference "Sparkle" */;
			productName = Sparkle;
		};
		0A89A8462E5940D900747E24 /* termcast */ = {
			isa = XCSwiftPackageProductDependency;
			package = 0A89A8432E59403B00747E24 /* XCRemoteSwiftPackageReference "SwiftTerm" */;
			productName = termcast;
		};
		0A89A8482E59415D00747E24 /* SwiftTerm */ = {
			isa = XCSwiftPackageProductDependency;
			package = 0A89A8432E59403B00747E24 /* XCRemoteSwiftPackageReference "SwiftTerm" */;
			productName = SwiftTerm;
		};
		0AA08D342E5F9FEC002F6195 /* MarkdownUI */ = {
			isa = XCSwiftPackageProductDependency;
			package = 0AA08D332E5F9FBC002F6195 /* XCRemoteSwiftPackageReference "MarkdownUI" */;
			productName = MarkdownUI;
		};
/* End XCSwiftPackageProductDependency section */
	};
	rootObject = 0A3B4FB42DFF5F8300CC5B2C /* Project object */;
}
